
Microsoft Visual Studio Solution File, Format Version 12.00
# Visual Studio Version 17
VisualStudioVersion = 17.10.35004.147
MinimumVisualStudioVersion = 10.0.40219.1
Project("{9A19103F-16F7-4668-BE54-9A1E7A4F7556}") = "Yaref92.Events", "src\Yaref92.Events\Yaref92.Events.csproj", "{074FC83F-E8AD-45EC-878E-B9E1E7EDA8E4}"
EndProject
Project("{9A19103F-16F7-4668-BE54-9A1E7A4F7556}") = "Yaref92.Events.Server", "src\Yaref92.Events.Server\Yaref92.Events.Server.csproj", "{9E865316-B6FF-4E69-BFF4-EF5487FBA3DE}"
EndProject
Project("{2150E333-8FDC-42A3-9474-1A3956D46DE8}") = "Solution Items", "Solution Items", "{72CB48D8-B0B3-40BD-8F17-B4F4E7C3849B}"
	ProjectSection(SolutionItems) = preProject
		.editorconfig = .editorconfig
	EndProjectSection
EndProject
Project("{9A19103F-16F7-4668-BE54-9A1E7A4F7556}") = "Yaref92.Events.UnitTests", "tests\Yaref92.Events.UnitTests\Yaref92.Events.UnitTests.csproj", "{6B8217D5-E58D-4505-A02B-B60F9F2EACA5}"
EndProject
Project("{9A19103F-16F7-4668-BE54-9A1E7A4F7556}") = "Yaref92.Events.Rx", "src\Yaref92.Events.Rx\Yaref92.Events.Rx.csproj", "{E3109764-7682-4B4F-8086-F62C1ABA7588}"
EndProject
Project("{9A19103F-16F7-4668-BE54-9A1E7A4F7556}") = "Yaref92.Events.Rx.UnitTests", "tests\Yaref92.Events.Rx.UnitTests\Yaref92.Events.Rx.UnitTests.csproj", "{5702672D-6FAA-4658-A58E-1F97806EBE63}"
EndProject
Project("{9A19103F-16F7-4668-BE54-9A1E7A4F7556}") = "Yaref92.Events.IntegrationTests", "tests\Yaref92.Events.IntegrationTests\Yaref92.Events.IntegrationTests.csproj", "{5E656493-AD02-424E-9C39-114FE1E7BC15}"
EndProject
Project("{2150E333-8FDC-42A3-9474-1A3956D46DE8}") = "samples", "samples", "{D09DD89D-92F9-4A0B-912C-1478E8764E39}"
EndProject
Project("{FAE04EC0-301F-11D3-BF4B-00C04F79EFBC}") = "EventMessenger", "samples\EventMessenger\EventMessenger.csproj", "{7901D738-F48A-4D3A-8E07-DF553E408568}"
EndProject
Global
	GlobalSection(SolutionConfigurationPlatforms) = preSolution
		Debug|Any CPU = Debug|Any CPU
		Release|Any CPU = Release|Any CPU
	EndGlobalSection
	GlobalSection(ProjectConfigurationPlatforms) = postSolution
		{074FC83F-E8AD-45EC-878E-B9E1E7EDA8E4}.Debug|Any CPU.ActiveCfg = Debug|Any CPU
		{074FC83F-E8AD-45EC-878E-B9E1E7EDA8E4}.Debug|Any CPU.Build.0 = Debug|Any CPU
		{074FC83F-E8AD-45EC-878E-B9E1E7EDA8E4}.Release|Any CPU.ActiveCfg = Release|Any CPU
		{074FC83F-E8AD-45EC-878E-B9E1E7EDA8E4}.Release|Any CPU.Build.0 = Release|Any CPU
		{9E865316-B6FF-4E69-BFF4-EF5487FBA3DE}.Debug|Any CPU.ActiveCfg = Debug|Any CPU
		{9E865316-B6FF-4E69-BFF4-EF5487FBA3DE}.Debug|Any CPU.Build.0 = Debug|Any CPU
		{9E865316-B6FF-4E69-BFF4-EF5487FBA3DE}.Release|Any CPU.ActiveCfg = Release|Any CPU
		{9E865316-B6FF-4E69-BFF4-EF5487FBA3DE}.Release|Any CPU.Build.0 = Release|Any CPU
		{6B8217D5-E58D-4505-A02B-B60F9F2EACA5}.Debug|Any CPU.ActiveCfg = Debug|Any CPU
		{6B8217D5-E58D-4505-A02B-B60F9F2EACA5}.Debug|Any CPU.Build.0 = Debug|Any CPU
		{6B8217D5-E58D-4505-A02B-B60F9F2EACA5}.Release|Any CPU.ActiveCfg = Release|Any CPU
		{6B8217D5-E58D-4505-A02B-B60F9F2EACA5}.Release|Any CPU.Build.0 = Release|Any CPU
		{E3109764-7682-4B4F-8086-F62C1ABA7588}.Debug|Any CPU.ActiveCfg = Debug|Any CPU
		{E3109764-7682-4B4F-8086-F62C1ABA7588}.Debug|Any CPU.Build.0 = Debug|Any CPU
		{E3109764-7682-4B4F-8086-F62C1ABA7588}.Release|Any CPU.ActiveCfg = Release|Any CPU
		{E3109764-7682-4B4F-8086-F62C1ABA7588}.Release|Any CPU.Build.0 = Release|Any CPU
		{5702672D-6FAA-4658-A58E-1F97806EBE63}.Debug|Any CPU.ActiveCfg = Debug|Any CPU
		{5702672D-6FAA-4658-A58E-1F97806EBE63}.Debug|Any CPU.Build.0 = Debug|Any CPU
		{5702672D-6FAA-4658-A58E-1F97806EBE63}.Release|Any CPU.ActiveCfg = Release|Any CPU
		{5702672D-6FAA-4658-A58E-1F97806EBE63}.Release|Any CPU.Build.0 = Release|Any CPU
		{5E656493-AD02-424E-9C39-114FE1E7BC15}.Debug|Any CPU.ActiveCfg = Debug|Any CPU
		{5E656493-AD02-424E-9C39-114FE1E7BC15}.Debug|Any CPU.Build.0 = Debug|Any CPU
		{5E656493-AD02-424E-9C39-114FE1E7BC15}.Release|Any CPU.ActiveCfg = Release|Any CPU
		{5E656493-AD02-424E-9C39-114FE1E7BC15}.Release|Any CPU.Build.0 = Release|Any CPU
		{7901D738-F48A-4D3A-8E07-DF553E408568}.Debug|Any CPU.ActiveCfg = Debug|Any CPU
		{7901D738-F48A-4D3A-8E07-DF553E408568}.Debug|Any CPU.Build.0 = Debug|Any CPU
		{7901D738-F48A-4D3A-8E07-DF553E408568}.Debug|Any CPU.Deploy.0 = Debug|Any CPU
		{7901D738-F48A-4D3A-8E07-DF553E408568}.Release|Any CPU.ActiveCfg = Release|Any CPU
		{7901D738-F48A-4D3A-8E07-DF553E408568}.Release|Any CPU.Build.0 = Release|Any CPU
		{7901D738-F48A-4D3A-8E07-DF553E408568}.Release|Any CPU.Deploy.0 = Release|Any CPU
	EndGlobalSection
	GlobalSection(SolutionProperties) = preSolution
		HideSolutionNode = FALSE
	EndGlobalSection
	GlobalSection(NestedProjects) = preSolution
		{7901D738-F48A-4D3A-8E07-DF553E408568} = {D09DD89D-92F9-4A0B-912C-1478E8764E39}
	EndGlobalSection
	GlobalSection(ExtensibilityGlobals) = postSolution
		SolutionGuid = {3DF92ACB-BB74-4ED1-A388-F7FB058FBF4B}
	EndGlobalSection
EndGlobal
